
Microsoft Visual Studio Solution File, Format Version 12.00
# Visual Studio Version 17
VisualStudioVersion = 17.0.32112.339
MinimumVisualStudioVersion = 10.0.40219.1
Project("{9A19103F-16F7-4668-BE54-9A1E7A4F7556}") = "Contracts", "Contracts\Contracts.csproj", "{65F0C7EB-94CE-4986-8D14-418D57F6CE4D}"
EndProject
Project("{9A19103F-16F7-4668-BE54-9A1E7A4F7556}") = "LoggerService", "LoggerService\LoggerService.csproj", "{65229568-1406-47BB-9D7B-490B1250DADB}"
EndProject
Project("{9A19103F-16F7-4668-BE54-9A1E7A4F7556}") = "Entities", "Entities\Entities.csproj", "{F6C9422D-CD8E-467E-9CD9-AC500CB091A1}"
EndProject
Project("{FAE04EC0-301F-11D3-BF4B-00C04F79EFBC}") = "companyEmployees", "companyEmployees\companyEmployees.csproj", "{F2DDC550-9139-4264-9AC0-D80BDB962620}"
EndProject
Project("{FAE04EC0-301F-11D3-BF4B-00C04F79EFBC}") = "Repository", "Repository\Repository.csproj", "{AA517FAB-8F85-4822-85EE-61D29452A899}"
EndProject
Global
	GlobalSection(SolutionConfigurationPlatforms) = preSolution
		Debug|Any CPU = Debug|Any CPU
		Release|Any CPU = Release|Any CPU
	EndGlobalSection
	GlobalSection(ProjectConfigurationPlatforms) = postSolution
		{65F0C7EB-94CE-4986-8D14-418D57F6CE4D}.Debug|Any CPU.ActiveCfg = Debug|Any CPU
		{65F0C7EB-94CE-4986-8D14-418D57F6CE4D}.Debug|Any CPU.Build.0 = Debug|Any CPU
		{65F0C7EB-94CE-4986-8D14-418D57F6CE4D}.Release|Any CPU.ActiveCfg = Release|Any CPU
		{65F0C7EB-94CE-4986-8D14-418D57F6CE4D}.Release|Any CPU.Build.0 = Release|Any CPU
		{65229568-1406-47BB-9D7B-490B1250DADB}.Debug|Any CPU.ActiveCfg = Debug|Any CPU
		{65229568-1406-47BB-9D7B-490B1250DADB}.Debug|Any CPU.Build.0 = Debug|Any CPU
		{65229568-1406-47BB-9D7B-490B1250DADB}.Release|Any CPU.ActiveCfg = Release|Any CPU
		{65229568-1406-47BB-9D7B-490B1250DADB}.Release|Any CPU.Build.0 = Release|Any CPU
		{F6C9422D-CD8E-467E-9CD9-AC500CB091A1}.Debug|Any CPU.ActiveCfg = Debug|Any CPU
		{F6C9422D-CD8E-467E-9CD9-AC500CB091A1}.Debug|Any CPU.Build.0 = Debug|Any CPU
		{F6C9422D-CD8E-467E-9CD9-AC500CB091A1}.Release|Any CPU.ActiveCfg = Release|Any CPU
		{F6C9422D-CD8E-467E-9CD9-AC500CB091A1}.Release|Any CPU.Build.0 = Release|Any CPU
		{F2DDC550-9139-4264-9AC0-D80BDB962620}.Debug|Any CPU.ActiveCfg = Debug|Any CPU
		{F2DDC550-9139-4264-9AC0-D80BDB962620}.Debug|Any CPU.Build.0 = Debug|Any CPU
		{F2DDC550-9139-4264-9AC0-D80BDB962620}.Release|Any CPU.ActiveCfg = Release|Any CPU
		{F2DDC550-9139-4264-9AC0-D80BDB962620}.Release|Any CPU.Build.0 = Release|Any CPU
		{AA517FAB-8F85-4822-85EE-61D29452A899}.Debug|Any CPU.ActiveCfg = Debug|Any CPU
		{AA517FAB-8F85-4822-85EE-61D29452A899}.Debug|Any CPU.Build.0 = Debug|Any CPU
		{AA517FAB-8F85-4822-85EE-61D29452A899}.Release|Any CPU.ActiveCfg = Release|Any CPU
		{AA517FAB-8F85-4822-85EE-61D29452A899}.Release|Any CPU.Build.0 = Release|Any CPU
	EndGlobalSection
	GlobalSection(SolutionProperties) = preSolution
		HideSolutionNode = FALSE
	EndGlobalSection
	GlobalSection(ExtensibilityGlobals) = postSolution
		SolutionGuid = {142D5640-3109-4AD2-B651-25DB6E953D4C}
	EndGlobalSection
EndGlobal
